
Microsoft Visual Studio Solution File, Format Version 12.00
# Visual Studio 15
VisualStudioVersion = 15.0.26730.16
MinimumVisualStudioVersion = 10.0.40219.1
Project("{2150E333-8FDC-42A3-9474-1A3956D46DE8}") = "src", "src", "{EB12B3F6-4BBE-4ECB-9EDA-685A6A38C617}"
EndProject
Project("{2150E333-8FDC-42A3-9474-1A3956D46DE8}") = "Solution Items", "Solution Items", "{12226899-008E-4E3D-997F-5F8EC8272E9A}"
EndProject
Project("{9A19103F-16F7-4668-BE54-9A1E7A4F7556}") = "ImageSharp.Formats.Tiff", "src\ImageSharp.Formats.Tiff\ImageSharp.Formats.Tiff.csproj", "{F1140D9A-3D0C-4CEF-973C-09334634B16C}"
EndProject
Global
	GlobalSection(SolutionConfigurationPlatforms) = preSolution
		Debug|Any CPU = Debug|Any CPU
		Release|Any CPU = Release|Any CPU
	EndGlobalSection
	GlobalSection(ProjectConfigurationPlatforms) = postSolution
		{F1140D9A-3D0C-4CEF-973C-09334634B16C}.Debug|Any CPU.ActiveCfg = Debug|Any CPU
		{F1140D9A-3D0C-4CEF-973C-09334634B16C}.Debug|Any CPU.Build.0 = Debug|Any CPU
		{F1140D9A-3D0C-4CEF-973C-09334634B16C}.Release|Any CPU.ActiveCfg = Release|Any CPU
		{F1140D9A-3D0C-4CEF-973C-09334634B16C}.Release|Any CPU.Build.0 = Release|Any CPU
	EndGlobalSection
	GlobalSection(SolutionProperties) = preSolution
		HideSolutionNode = FALSE
	EndGlobalSection
	GlobalSection(NestedProjects) = preSolution
		{F1140D9A-3D0C-4CEF-973C-09334634B16C} = {EB12B3F6-4BBE-4ECB-9EDA-685A6A38C617}
	EndGlobalSection
	GlobalSection(ExtensibilityGlobals) = postSolution
		SolutionGuid = {7620B664-D35C-448B-9722-63B1A422DA1E}
	EndGlobalSection
EndGlobal
